// !$*UTF8*$!
{
	archiveVersion = 1;
	classes = {
	};
	objectVersion = 56;
	objects = {

/* Begin PBXBuildFile section */
		BADA6A892C6F9CFC0025393B /* WeatherDemoAppApp.swift in Sources */ = {isa = PBXBuildFile; fileRef = BADA6A882C6F9CFC0025393B /* WeatherDemoAppApp.swift */; };
		BADA6A8B2C6F9CFC0025393B /* ContentView.swift in Sources */ = {isa = PBXBuildFile; fileRef = BADA6A8A2C6F9CFC0025393B /* ContentView.swift */; };
		BADA6A8D2C6F9CFE0025393B /* Assets.xcassets in Resources */ = {isa = PBXBuildFile; fileRef = BADA6A8C2C6F9CFE0025393B /* Assets.xcassets */; };
		BADA6A902C6F9CFE0025393B /* Preview Assets.xcassets in Resources */ = {isa = PBXBuildFile; fileRef = BADA6A8F2C6F9CFE0025393B /* Preview Assets.xcassets */; };
		BADA6A9A2C6F9CFF0025393B /* WeatherDemoAppTests.swift in Sources */ = {isa = PBXBuildFile; fileRef = BADA6A992C6F9CFF0025393B /* WeatherDemoAppTests.swift */; };
		BADA6AA42C6F9CFF0025393B /* WeatherDemoAppUITests.swift in Sources */ = {isa = PBXBuildFile; fileRef = BADA6AA32C6F9CFF0025393B /* WeatherDemoAppUITests.swift */; };
		BADA6AA62C6F9CFF0025393B /* WeatherDemoAppUITestsLaunchTests.swift in Sources */ = {isa = PBXBuildFile; fileRef = BADA6AA52C6F9CFF0025393B /* WeatherDemoAppUITestsLaunchTests.swift */; };
/* End PBXBuildFile section */

/* Begin PBXContainerItemProxy section */
		BADA6A962C6F9CFF0025393B /* PBXContainerItemProxy */ = {
			isa = PBXContainerItemProxy;
			containerPortal = BADA6A7D2C6F9CFC0025393B /* Project object */;
			proxyType = 1;
			remoteGlobalIDString = BADA6A842C6F9CFC0025393B;
			remoteInfo = WeatherDemoApp;
		};
		BADA6AA02C6F9CFF0025393B /* PBXContainerItemProxy */ = {
			isa = PBXContainerItemProxy;
			containerPortal = BADA6A7D2C6F9CFC0025393B /* Project object */;
			proxyType = 1;
			remoteGlobalIDString = BADA6A842C6F9CFC0025393B;
			remoteInfo = WeatherDemoApp;
		};
/* End PBXContainerItemProxy section */

/* Begin PBXFileReference section */
		BADA6A852C6F9CFC0025393B /* WeatherDemoApp.app */ = {isa = PBXFileReference; explicitFileType = wrapper.application; includeInIndex = 0; path = WeatherDemoApp.app; sourceTree = BUILT_PRODUCTS_DIR; };
		BADA6A882C6F9CFC0025393B /* WeatherDemoAppApp.swift */ = {isa = PBXFileReference; lastKnownFileType = sourcecode.swift; path = WeatherDemoAppApp.swift; sourceTree = "<group>"; };
		BADA6A8A2C6F9CFC0025393B /* ContentView.swift */ = {isa = PBXFileReference; lastKnownFileType = sourcecode.swift; path = ContentView.swift; sourceTree = "<group>"; };
		BADA6A8C2C6F9CFE0025393B /* Assets.xcassets */ = {isa = PBXFileReference; lastKnownFileType = folder.assetcatalog; path = Assets.xcassets; sourceTree = "<group>"; };
		BADA6A8F2C6F9CFE0025393B /* Preview Assets.xcassets */ = {isa = PBXFileReference; lastKnownFileType = folder.assetcatalog; path = "Preview Assets.xcassets"; sourceTree = "<group>"; };
		BADA6A952C6F9CFF0025393B /* WeatherDemoAppTests.xctest */ = {isa = PBXFileReference; explicitFileType = wrapper.cfbundle; includeInIndex = 0; path = WeatherDemoAppTests.xctest; sourceTree = BUILT_PRODUCTS_DIR; };
		BADA6A992C6F9CFF0025393B /* WeatherDemoAppTests.swift */ = {isa = PBXFileReference; lastKnownFileType = sourcecode.swift; path = WeatherDemoAppTests.swift; sourceTree = "<group>"; };
		BADA6A9F2C6F9CFF0025393B /* WeatherDemoAppUITests.xctest */ = {isa = PBXFileReference; explicitFileType = wrapper.cfbundle; includeInIndex = 0; path = WeatherDemoAppUITests.xctest; sourceTree = BUILT_PRODUCTS_DIR; };
		BADA6AA32C6F9CFF0025393B /* WeatherDemoAppUITests.swift */ = {isa = PBXFileReference; lastKnownFileType = sourcecode.swift; path = WeatherDemoAppUITests.swift; sourceTree = "<group>"; };
		BADA6AA52C6F9CFF0025393B /* WeatherDemoAppUITestsLaunchTests.swift */ = {isa = PBXFileReference; lastKnownFileType = sourcecode.swift; path = WeatherDemoAppUITestsLaunchTests.swift; sourceTree = "<group>"; };
/* End PBXFileReference section */

/* Begin PBXFrameworksBuildPhase section */
		BADA6A822C6F9CFC0025393B /* Frameworks */ = {
			isa = PBXFrameworksBuildPhase;
			buildActionMask = 2147483647;
			files = (
			);
			runOnlyForDeploymentPostprocessing = 0;
		};
		BADA6A922C6F9CFF0025393B /* Frameworks */ = {
			isa = PBXFrameworksBuildPhase;
			buildActionMask = 2147483647;
			files = (
			);
			runOnlyForDeploymentPostprocessing = 0;
		};
		BADA6A9C2C6F9CFF0025393B /* Frameworks */ = {
			isa = PBXFrameworksBuildPhase;
			buildActionMask = 2147483647;
			files = (
			);
			runOnlyForDeploymentPostprocessing = 0;
		};
/* End PBXFrameworksBuildPhase section */

/* Begin PBXGroup section */
		BADA6A7C2C6F9CFC0025393B = {
			isa = PBXGroup;
			children = (
				BADA6A872C6F9CFC0025393B /* WeatherDemoApp */,
				BADA6A982C6F9CFF0025393B /* WeatherDemoAppTests */,
				BADA6AA22C6F9CFF0025393B /* WeatherDemoAppUITests */,
				BADA6A862C6F9CFC0025393B /* Products */,
			);
			sourceTree = "<group>";
		};
		BADA6A862C6F9CFC0025393B /* Products */ = {
			isa = PBXGroup;
			children = (
				BADA6A852C6F9CFC0025393B /* WeatherDemoApp.app */,
				BADA6A952C6F9CFF0025393B /* WeatherDemoAppTests.xctest */,
				BADA6A9F2C6F9CFF0025393B /* WeatherDemoAppUITests.xctest */,
			);
			name = Products;
			sourceTree = "<group>";
		};
		BADA6A872C6F9CFC0025393B /* WeatherDemoApp */ = {
			isa = PBXGroup;
			children = (
				BADA6A882C6F9CFC0025393B /* WeatherDemoAppApp.swift */,
				BADA6A8A2C6F9CFC0025393B /* ContentView.swift */,
				BADA6A8C2C6F9CFE0025393B /* Assets.xcassets */,
				BADA6A8E2C6F9CFE0025393B /* Preview Content */,
			);
			path = WeatherDemoApp;
			sourceTree = "<group>";
		};
		BADA6A8E2C6F9CFE0025393B /* Preview Content */ = {
			isa = PBXGroup;
			children = (
				BADA6A8F2C6F9CFE0025393B /* Preview Assets.xcassets */,
			);
			path = "Preview Content";
			sourceTree = "<group>";
		};
		BADA6A982C6F9CFF0025393B /* WeatherDemoAppTests */ = {
			isa = PBXGroup;
			children = (
				BADA6A992C6F9CFF0025393B /* WeatherDemoAppTests.swift */,
			);
			path = WeatherDemoAppTests;
			sourceTree = "<group>";
		};
		BADA6AA22C6F9CFF0025393B /* WeatherDemoAppUITests */ = {
			isa = PBXGroup;
			children = (
				BADA6AA32C6F9CFF0025393B /* WeatherDemoAppUITests.swift */,
				BADA6AA52C6F9CFF0025393B /* WeatherDemoAppUITestsLaunchTests.swift */,
			);
			path = WeatherDemoAppUITests;
			sourceTree = "<group>";
		};
/* End PBXGroup section */

/* Begin PBXNativeTarget section */
		BADA6A842C6F9CFC0025393B /* WeatherDemoApp */ = {
			isa = PBXNativeTarget;
			buildConfigurationList = BADA6AA92C6F9CFF0025393B /* Build configuration list for PBXNativeTarget "WeatherDemoApp" */;
			buildPhases = (
				BADA6A812C6F9CFC0025393B /* Sources */,
				BADA6A822C6F9CFC0025393B /* Frameworks */,
				BADA6A832C6F9CFC0025393B /* Resources */,
			);
			buildRules = (
			);
			dependencies = (
			);
			name = WeatherDemoApp;
			productName = WeatherDemoApp;
			productReference = BADA6A852C6F9CFC0025393B /* WeatherDemoApp.app */;
			productType = "com.apple.product-type.application";
		};
		BADA6A942C6F9CFF0025393B /* WeatherDemoAppTests */ = {
			isa = PBXNativeTarget;
			buildConfigurationList = BADA6AAC2C6F9CFF0025393B /* Build configuration list for PBXNativeTarget "WeatherDemoAppTests" */;
			buildPhases = (
				BADA6A912C6F9CFF0025393B /* Sources */,
				BADA6A922C6F9CFF0025393B /* Frameworks */,
				BADA6A932C6F9CFF0025393B /* Resources */,
			);
			buildRules = (
			);
			dependencies = (
				BADA6A972C6F9CFF0025393B /* PBXTargetDependency */,
			);
			name = WeatherDemoAppTests;
			productName = WeatherDemoAppTests;
			productReference = BADA6A952C6F9CFF0025393B /* WeatherDemoAppTests.xctest */;
			productType = "com.apple.product-type.bundle.unit-test";
		};
		BADA6A9E2C6F9CFF0025393B /* WeatherDemoAppUITests */ = {
			isa = PBXNativeTarget;
			buildConfigurationList = BADA6AAF2C6F9CFF0025393B /* Build configuration list for PBXNativeTarget "WeatherDemoAppUITests" */;
			buildPhases = (
				BADA6A9B2C6F9CFF0025393B /* Sources */,
				BADA6A9C2C6F9CFF0025393B /* Frameworks */,
				BADA6A9D2C6F9CFF0025393B /* Resources */,
			);
			buildRules = (
			);
			dependencies = (
				BADA6AA12C6F9CFF0025393B /* PBXTargetDependency */,
			);
			name = WeatherDemoAppUITests;
			productName = WeatherDemoAppUITests;
			productReference = BADA6A9F2C6F9CFF0025393B /* WeatherDemoAppUITests.xctest */;
			productType = "com.apple.product-type.bundle.ui-testing";
		};
/* End PBXNativeTarget section */

/* Begin PBXProject section */
		BADA6A7D2C6F9CFC0025393B /* Project object */ = {
			isa = PBXProject;
			attributes = {
				BuildIndependentTargetsInParallel = 1;
				LastSwiftUpdateCheck = 1540;
				LastUpgradeCheck = 1540;
				TargetAttributes = {
					BADA6A842C6F9CFC0025393B = {
						CreatedOnToolsVersion = 15.4;
					};
					BADA6A942C6F9CFF0025393B = {
						CreatedOnToolsVersion = 15.4;
						TestTargetID = BADA6A842C6F9CFC0025393B;
					};
					BADA6A9E2C6F9CFF0025393B = {
						CreatedOnToolsVersion = 15.4;
						TestTargetID = BADA6A842C6F9CFC0025393B;
					};
				};
			};
			buildConfigurationList = BADA6A802C6F9CFC0025393B /* Build configuration list for PBXProject "WeatherDemoApp" */;
			compatibilityVersion = "Xcode 14.0";
			developmentRegion = en;
			hasScannedForEncodings = 0;
			knownRegions = (
				en,
				Base,
			);
			mainGroup = BADA6A7C2C6F9CFC0025393B;
			productRefGroup = BADA6A862C6F9CFC0025393B /* Products */;
			projectDirPath = "";
			projectRoot = "";
			targets = (
				BADA6A842C6F9CFC0025393B /* WeatherDemoApp */,
				BADA6A942C6F9CFF0025393B /* WeatherDemoAppTests */,
				BADA6A9E2C6F9CFF0025393B /* WeatherDemoAppUITests */,
			);
		};
/* End PBXProject section */

/* Begin PBXResourcesBuildPhase section */
		BADA6A832C6F9CFC0025393B /* Resources */ = {
			isa = PBXResourcesBuildPhase;
			buildActionMask = 2147483647;
			files = (
				BADA6A902C6F9CFE0025393B /* Preview Assets.xcassets in Resources */,
				BADA6A8D2C6F9CFE0025393B /* Assets.xcassets in Resources */,
			);
			runOnlyForDeploymentPostprocessing = 0;
		};
		BADA6A932C6F9CFF0025393B /* Resources */ = {
			isa = PBXResourcesBuildPhase;
			buildActionMask = 2147483647;
			files = (
			);
			runOnlyForDeploymentPostprocessing = 0;
		};
		BADA6A9D2C6F9CFF0025393B /* Resources */ = {
			isa = PBXResourcesBuildPhase;
			buildActionMask = 2147483647;
			files = (
			);
			runOnlyForDeploymentPostprocessing = 0;
		};
/* End PBXResourcesBuildPhase section */

/* Begin PBXSourcesBuildPhase section */
		BADA6A812C6F9CFC0025393B /* Sources */ = {
			isa = PBXSourcesBuildPhase;
			buildActionMask = 2147483647;
			files = (
				BADA6A8B2C6F9CFC0025393B /* ContentView.swift in Sources */,
				BADA6A892C6F9CFC0025393B /* WeatherDemoAppApp.swift in Sources */,
			);
			runOnlyForDeploymentPostprocessing = 0;
		};
		BADA6A912C6F9CFF0025393B /* Sources */ = {
			isa = PBXSourcesBuildPhase;
			buildActionMask = 2147483647;
			files = (
				BADA6A9A2C6F9CFF0025393B /* WeatherDemoAppTests.swift in Sources */,
			);
			runOnlyForDeploymentPostprocessing = 0;
		};
		BADA6A9B2C6F9CFF0025393B /* Sources */ = {
			isa = PBXSourcesBuildPhase;
			buildActionMask = 2147483647;
			files = (
				BADA6AA62C6F9CFF0025393B /* WeatherDemoAppUITestsLaunchTests.swift in Sources */,
				BADA6AA42C6F9CFF0025393B /* WeatherDemoAppUITests.swift in Sources */,
			);
			runOnlyForDeploymentPostprocessing = 0;
		};
/* End PBXSourcesBuildPhase section */

/* Begin PBXTargetDependency section */
		BADA6A972C6F9CFF0025393B /* PBXTargetDependency */ = {
			isa = PBXTargetDependency;
			target = BADA6A842C6F9CFC0025393B /* WeatherDemoApp */;
			targetProxy = BADA6A962C6F9CFF0025393B /* PBXContainerItemProxy */;
		};
		BADA6AA12C6F9CFF0025393B /* PBXTargetDependency */ = {
			isa = PBXTargetDependency;
			target = BADA6A842C6F9CFC0025393B /* WeatherDemoApp */;
			targetProxy = BADA6AA02C6F9CFF0025393B /* PBXContainerItemProxy */;
		};
/* End PBXTargetDependency section */

/* Begin XCBuildConfiguration section */
		BADA6AA72C6F9CFF0025393B /* Debug */ = {
			isa = XCBuildConfiguration;
			buildSettings = {
				ALWAYS_SEARCH_USER_PATHS = NO;
				ASSETCATALOG_COMPILER_GENERATE_SWIFT_ASSET_SYMBOL_EXTENSIONS = YES;
				CLANG_ANALYZER_NONNULL = YES;
				CLANG_ANALYZER_NUMBER_OBJECT_CONVERSION = YES_AGGRESSIVE;
				CLANG_CXX_LANGUAGE_STANDARD = "gnu++20";
				CLANG_ENABLE_MODULES = YES;
				CLANG_ENABLE_OBJC_ARC = YES;
				CLANG_ENABLE_OBJC_WEAK = YES;
				CLANG_WARN_BLOCK_CAPTURE_AUTORELEASING = YES;
				CLANG_WARN_BOOL_CONVERSION = YES;
				CLANG_WARN_COMMA = YES;
				CLANG_WARN_CONSTANT_CONVERSION = YES;
				CLANG_WARN_DEPRECATED_OBJC_IMPLEMENTATIONS = YES;
				CLANG_WARN_DIRECT_OBJC_ISA_USAGE = YES_ERROR;
				CLANG_WARN_DOCUMENTATION_COMMENTS = YES;
				CLANG_WARN_EMPTY_BODY = YES;
				CLANG_WARN_ENUM_CONVERSION = YES;
				CLANG_WARN_INFINITE_RECURSION = YES;
				CLANG_WARN_INT_CONVERSION = YES;
				CLANG_WARN_NON_LITERAL_NULL_CONVERSION = YES;
				CLANG_WARN_OBJC_IMPLICIT_RETAIN_SELF = YES;
				CLANG_WARN_OBJC_LITERAL_CONVERSION = YES;
				CLANG_WARN_OBJC_ROOT_CLASS = YES_ERROR;
				CLANG_WARN_QUOTED_INCLUDE_IN_FRAMEWORK_HEADER = YES;
				CLANG_WARN_RANGE_LOOP_ANALYSIS = YES;
				CLANG_WARN_STRICT_PROTOTYPES = YES;
				CLANG_WARN_SUSPICIOUS_MOVE = YES;
				CLANG_WARN_UNGUARDED_AVAILABILITY = YES_AGGRESSIVE;
				CLANG_WARN_UNREACHABLE_CODE = YES;
				CLANG_WARN__DUPLICATE_METHOD_MATCH = YES;
				COPY_PHASE_STRIP = NO;
				DEBUG_INFORMATION_FORMAT = dwarf;
				ENABLE_STRICT_OBJC_MSGSEND = YES;
				ENABLE_TESTABILITY = YES;
				ENABLE_USER_SCRIPT_SANDBOXING = YES;
				GCC_C_LANGUAGE_STANDARD = gnu17;
				GCC_DYNAMIC_NO_PIC = NO;
				GCC_NO_COMMON_BLOCKS = YES;
				GCC_OPTIMIZATION_LEVEL = 0;
				GCC_PREPROCESSOR_DEFINITIONS = (
					"DEBUG=1",
					"$(inherited)",
				);
				GCC_WARN_64_TO_32_BIT_CONVERSION = YES;
				GCC_WARN_ABOUT_RETURN_TYPE = YES_ERROR;
				GCC_WARN_UNDECLARED_SELECTOR = YES;
				GCC_WARN_UNINITIALIZED_AUTOS = YES_AGGRESSIVE;
				GCC_WARN_UNUSED_FUNCTION = YES;
				GCC_WARN_UNUSED_VARIABLE = YES;
				IPHONEOS_DEPLOYMENT_TARGET = 17.5;
				LOCALIZATION_PREFERS_STRING_CATALOGS = YES;
				MTL_ENABLE_DEBUG_INFO = INCLUDE_SOURCE;
				MTL_FAST_MATH = YES;
				ONLY_ACTIVE_ARCH = YES;
				SDKROOT = iphoneos;
				SWIFT_ACTIVE_COMPILATION_CONDITIONS = "DEBUG $(inherited)";
				SWIFT_OPTIMIZATION_LEVEL = "-Onone";
			};
			name = Debug;
		};
		BADA6AA82C6F9CFF0025393B /* Release */ = {
			isa = XCBuildConfiguration;
			buildSettings = {
				ALWAYS_SEARCH_USER_PATHS = NO;
				ASSETCATALOG_COMPILER_GENERATE_SWIFT_ASSET_SYMBOL_EXTENSIONS = YES;
				CLANG_ANALYZER_NONNULL = YES;
				CLANG_ANALYZER_NUMBER_OBJECT_CONVERSION = YES_AGGRESSIVE;
				CLANG_CXX_LANGUAGE_STANDARD = "gnu++20";
				CLANG_ENABLE_MODULES = YES;
				CLANG_ENABLE_OBJC_ARC = YES;
				CLANG_ENABLE_OBJC_WEAK = YES;
				CLANG_WARN_BLOCK_CAPTURE_AUTORELEASING = YES;
				CLANG_WARN_BOOL_CONVERSION = YES;
				CLANG_WARN_COMMA = YES;
				CLANG_WARN_CONSTANT_CONVERSION = YES;
				CLANG_WARN_DEPRECATED_OBJC_IMPLEMENTATIONS = YES;
				CLANG_WARN_DIRECT_OBJC_ISA_USAGE = YES_ERROR;
				CLANG_WARN_DOCUMENTATION_COMMENTS = YES;
				CLANG_WARN_EMPTY_BODY = YES;
				CLANG_WARN_ENUM_CONVERSION = YES;
				CLANG_WARN_INFINITE_RECURSION = YES;
				CLANG_WARN_INT_CONVERSION = YES;
				CLANG_WARN_NON_LITERAL_NULL_CONVERSION = YES;
				CLANG_WARN_OBJC_IMPLICIT_RETAIN_SELF = YES;
				CLANG_WARN_OBJC_LITERAL_CONVERSION = YES;
				CLANG_WARN_OBJC_ROOT_CLASS = YES_ERROR;
				CLANG_WARN_QUOTED_INCLUDE_IN_FRAMEWORK_HEADER = YES;
				CLANG_WARN_RANGE_LOOP_ANALYSIS = YES;
				CLANG_WARN_STRICT_PROTOTYPES = YES;
				CLANG_WARN_SUSPICIOUS_MOVE = YES;
				CLANG_WARN_UNGUARDED_AVAILABILITY = YES_AGGRESSIVE;
				CLANG_WARN_UNREACHABLE_CODE = YES;
				CLANG_WARN__DUPLICATE_METHOD_MATCH = YES;
				COPY_PHASE_STRIP = NO;
				DEBUG_INFORMATION_FORMAT = "dwarf-with-dsym";
				ENABLE_NS_ASSERTIONS = NO;
				ENABLE_STRICT_OBJC_MSGSEND = YES;
				ENABLE_USER_SCRIPT_SANDBOXING = YES;
				GCC_C_LANGUAGE_STANDARD = gnu17;
				GCC_NO_COMMON_BLOCKS = YES;
				GCC_WARN_64_TO_32_BIT_CONVERSION = YES;
				GCC_WARN_ABOUT_RETURN_TYPE = YES_ERROR;
				GCC_WARN_UNDECLARED_SELECTOR = YES;
				GCC_WARN_UNINITIALIZED_AUTOS = YES_AGGRESSIVE;
				GCC_WARN_UNUSED_FUNCTION = YES;
				GCC_WARN_UNUSED_VARIABLE = YES;
				IPHONEOS_DEPLOYMENT_TARGET = 17.5;
				LOCALIZATION_PREFERS_STRING_CATALOGS = YES;
				MTL_ENABLE_DEBUG_INFO = NO;
				MTL_FAST_MATH = YES;
				SDKROOT = iphoneos;
				SWIFT_COMPILATION_MODE = wholemodule;
				VALIDATE_PRODUCT = YES;
			};
			name = Release;
		};
		BADA6AAA2C6F9CFF0025393B /* Debug */ = {
			isa = XCBuildConfiguration;
			buildSettings = {
				ASSETCATALOG_COMPILER_APPICON_NAME = AppIcon;
				ASSETCATALOG_COMPILER_GLOBAL_ACCENT_COLOR_NAME = AccentColor;
				CODE_SIGN_STYLE = Automatic;
				CURRENT_PROJECT_VERSION = 1;
				DEVELOPMENT_ASSET_PATHS = "\"WeatherDemoApp/Preview Content\"";
				ENABLE_PREVIEWS = YES;
				GENERATE_INFOPLIST_FILE = YES;
				INFOPLIST_KEY_UIApplicationSceneManifest_Generation = YES;
				INFOPLIST_KEY_UIApplicationSupportsIndirectInputEvents = YES;
				INFOPLIST_KEY_UILaunchScreen_Generation = YES;
				INFOPLIST_KEY_UISupportedInterfaceOrientations_iPad = "UIInterfaceOrientationPortrait UIInterfaceOrientationPortraitUpsideDown UIInterfaceOrientationLandscapeLeft UIInterfaceOrientationLandscapeRight";
				INFOPLIST_KEY_UISupportedInterfaceOrientations_iPhone = "UIInterfaceOrientationPortrait UIInterfaceOrientationLandscapeLeft UIInterfaceOrientationLandscapeRight";
				LD_RUNPATH_SEARCH_PATHS = (
					"$(inherited)",
					"@executable_path/Frameworks",
				);
				MARKETING_VERSION = 1.0;
				PRODUCT_BUNDLE_IDENTIFIER = com.dynamicTracking.WeatherDemoApp;
				PRODUCT_NAME = "$(TARGET_NAME)";
				SWIFT_EMIT_LOC_STRINGS = YES;
				SWIFT_VERSION = 5.0;
				TARGETED_DEVICE_FAMILY = "1,2";
			};
			name = Debug;
		};
		BADA6AAB2C6F9CFF0025393B /* Release */ = {
			isa = XCBuildConfiguration;
			buildSettings = {
				ASSETCATALOG_COMPILER_APPICON_NAME = AppIcon;
				ASSETCATALOG_COMPILER_GLOBAL_ACCENT_COLOR_NAME = AccentColor;
				CODE_SIGN_STYLE = Automatic;
				CURRENT_PROJECT_VERSION = 1;
				DEVELOPMENT_ASSET_PATHS = "\"WeatherDemoApp/Preview Content\"";
				ENABLE_PREVIEWS = YES;
				GENERATE_INFOPLIST_FILE = YES;
				INFOPLIST_KEY_UIApplicationSceneManifest_Generation = YES;
				INFOPLIST_KEY_UIApplicationSupportsIndirectInputEvents = YES;
				INFOPLIST_KEY_UILaunchScreen_Generation = YES;
				INFOPLIST_KEY_UISupportedInterfaceOrientations_iPad = "UIInterfaceOrientationPortrait UIInterfaceOrientationPortraitUpsideDown UIInterfaceOrientationLandscapeLeft UIInterfaceOrientationLandscapeRight";
				INFOPLIST_KEY_UISupportedInterfaceOrientations_iPhone = "UIInterfaceOrientationPortrait UIInterfaceOrientationLandscapeLeft UIInterfaceOrientationLandscapeRight";
				LD_RUNPATH_SEARCH_PATHS = (
					"$(inherited)",
					"@executable_path/Frameworks",
				);
				MARKETING_VERSION = 1.0;
				PRODUCT_BUNDLE_IDENTIFIER = com.dynamicTracking.WeatherDemoApp;
				PRODUCT_NAME = "$(TARGET_NAME)";
				SWIFT_EMIT_LOC_STRINGS = YES;
				SWIFT_VERSION = 5.0;
				TARGETED_DEVICE_FAMILY = "1,2";
			};
			name = Release;
		};
		BADA6AAD2C6F9CFF0025393B /* Debug */ = {
			isa = XCBuildConfiguration;
			buildSettings = {
				ALWAYS_EMBED_SWIFT_STANDARD_LIBRARIES = YES;
				BUNDLE_LOADER = "$(TEST_HOST)";
				CODE_SIGN_STYLE = Automatic;
				CURRENT_PROJECT_VERSION = 1;
				GENERATE_INFOPLIST_FILE = YES;
				IPHONEOS_DEPLOYMENT_TARGET = 17.5;
				MARKETING_VERSION = 1.0;
				PRODUCT_BUNDLE_IDENTIFIER = com.dynamicTracking.WeatherDemoAppTests;
				PRODUCT_NAME = "$(TARGET_NAME)";
				SWIFT_EMIT_LOC_STRINGS = NO;
				SWIFT_VERSION = 5.0;
				TARGETED_DEVICE_FAMILY = "1,2";
				TEST_HOST = "$(BUILT_PRODUCTS_DIR)/WeatherDemoApp.app/$(BUNDLE_EXECUTABLE_FOLDER_PATH)/WeatherDemoApp";
			};
			name = Debug;
		};
		BADA6AAE2C6F9CFF0025393B /* Release */ = {
			isa = XCBuildConfiguration;
			buildSettings = {
				ALWAYS_EMBED_SWIFT_STANDARD_LIBRARIES = YES;
				BUNDLE_LOADER = "$(TEST_HOST)";
				CODE_SIGN_STYLE = Automatic;
				CURRENT_PROJECT_VERSION = 1;
				GENERATE_INFOPLIST_FILE = YES;
				IPHONEOS_DEPLOYMENT_TARGET = 17.5;
				MARKETING_VERSION = 1.0;
				PRODUCT_BUNDLE_IDENTIFIER = com.dynamicTracking.WeatherDemoAppTests;
				PRODUCT_NAME = "$(TARGET_NAME)";
				SWIFT_EMIT_LOC_STRINGS = NO;
				SWIFT_VERSION = 5.0;
				TARGETED_DEVICE_FAMILY = "1,2";
				TEST_HOST = "$(BUILT_PRODUCTS_DIR)/WeatherDemoApp.app/$(BUNDLE_EXECUTABLE_FOLDER_PATH)/WeatherDemoApp";
			};
			name = Release;
		};
		BADA6AB02C6F9CFF0025393B /* Debug */ = {
			isa = XCBuildConfiguration;
			buildSettings = {
				ALWAYS_EMBED_SWIFT_STANDARD_LIBRARIES = YES;
				CODE_SIGN_STYLE = Automatic;
				CURRENT_PROJECT_VERSION = 1;
				GENERATE_INFOPLIST_FILE = YES;
				MARKETING_VERSION = 1.0;
				PRODUCT_BUNDLE_IDENTIFIER = com.dynamicTracking.WeatherDemoAppUITests;
				PRODUCT_NAME = "$(TARGET_NAME)";
				SWIFT_EMIT_LOC_STRINGS = NO;
				SWIFT_VERSION = 5.0;
				TARGETED_DEVICE_FAMILY = "1,2";
				TEST_TARGET_NAME = WeatherDemoApp;
			};
			name = Debug;
		};
		BADA6AB12C6F9CFF0025393B /* Release */ = {
			isa = XCBuildConfiguration;
			buildSettings = {
				ALWAYS_EMBED_SWIFT_STANDARD_LIBRARIES = YES;
				CODE_SIGN_STYLE = Automatic;
				CURRENT_PROJECT_VERSION = 1;
				GENERATE_INFOPLIST_FILE = YES;
				MARKETING_VERSION = 1.0;
				PRODUCT_BUNDLE_IDENTIFIER = com.dynamicTracking.WeatherDemoAppUITests;
				PRODUCT_NAME = "$(TARGET_NAME)";
				SWIFT_EMIT_LOC_STRINGS = NO;
				SWIFT_VERSION = 5.0;
				TARGETED_DEVICE_FAMILY = "1,2";
				TEST_TARGET_NAME = WeatherDemoApp;
			};
			name = Release;
		};
/* End XCBuildConfiguration section */

/* Begin XCConfigurationList section */
		BADA6A802C6F9CFC0025393B /* Build configuration list for PBXProject "WeatherDemoApp" */ = {
			isa = XCConfigurationList;
			buildConfigurations = (
				BADA6AA72C6F9CFF0025393B /* Debug */,
				BADA6AA82C6F9CFF0025393B /* Release */,
			);
			defaultConfigurationIsVisible = 0;
			defaultConfigurationName = Release;
		};
		BADA6AA92C6F9CFF0025393B /* Build configuration list for PBXNativeTarget "WeatherDemoApp" */ = {
			isa = XCConfigurationList;
			buildConfigurations = (
				BADA6AAA2C6F9CFF0025393B /* Debug */,
				BADA6AAB2C6F9CFF0025393B /* Release */,
			);
			defaultConfigurationIsVisible = 0;
			defaultConfigurationName = Release;
		};
		BADA6AAC2C6F9CFF0025393B /* Build configuration list for PBXNativeTarget "WeatherDemoAppTests" */ = {
			isa = XCConfigurationList;
			buildConfigurations = (
				BADA6AAD2C6F9CFF0025393B /* Debug */,
				BADA6AAE2C6F9CFF0025393B /* Release */,
			);
			defaultConfigurationIsVisible = 0;
			defaultConfigurationName = Release;
		};
		BADA6AAF2C6F9CFF0025393B /* Build configuration list for PBXNativeTarget "WeatherDemoAppUITests" */ = {
			isa = XCConfigurationList;
			buildConfigurations = (
				BADA6AB02C6F9CFF0025393B /* Debug */,
				BADA6AB12C6F9CFF0025393B /* Release */,
			);
			defaultConfigurationIsVisible = 0;
			defaultConfigurationName = Release;
		};
/* End XCConfigurationList section */
	};
	rootObject = BADA6A7D2C6F9CFC0025393B /* Project object */;
}
